
Microsoft Visual Studio Solution File, Format Version 11.00
# Visual Studio 2010
Project("{8BC9CEB8-8B4A-11D0-8D11-00A0C91BC942}") = "VRPMapEditorQt", "VRPMapEditorQt\VRPMapEditorQt.vcxproj", "{A82C7501-A048-4C78-9BF5-0DBB456D2B2C}"
EndProject
Global
	GlobalSection(SolutionConfigurationPlatforms) = preSolution
		Debug|Any CPU = Debug|Any CPU
		Debug|Mixed Platforms = Debug|Mixed Platforms
		Debug|Win32 = Debug|Win32
		Release|Any CPU = Release|Any CPU
		Release|Mixed Platforms = Release|Mixed Platforms
		Release|Win32 = Release|Win32
	EndGlobalSection
	GlobalSection(ProjectConfigurationPlatforms) = postSolution
		{A82C7501-A048-4C78-9BF5-0DBB456D2B2C}.Debug|Any CPU.ActiveCfg = Debug|Win32
		{A82C7501-A048-4C78-9BF5-0DBB456D2B2C}.Debug|Mixed Platforms.ActiveCfg = Debug|Win32
		{A82C7501-A048-4C78-9BF5-0DBB456D2B2C}.Debug|Mixed Platforms.Build.0 = Debug|Win32
		{A82C7501-A048-4C78-9BF5-0DBB456D2B2C}.Debug|Win32.ActiveCfg = Debug|Win32
		{A82C7501-A048-4C78-9BF5-0DBB456D2B2C}.Debug|Win32.Build.0 = Debug|Win32
		{A82C7501-A048-4C78-9BF5-0DBB456D2B2C}.Release|Any CPU.ActiveCfg = Release|Win32
		{A82C7501-A048-4C78-9BF5-0DBB456D2B2C}.Release|Mixed Platforms.ActiveCfg = Release|Win32
		{A82C7501-A048-4C78-9BF5-0DBB456D2B2C}.Release|Mixed Platforms.Build.0 = Release|Win32
		{A82C7501-A048-4C78-9BF5-0DBB456D2B2C}.Release|Win32.ActiveCfg = Release|Win32
		{A82C7501-A048-4C78-9BF5-0DBB456D2B2C}.Release|Win32.Build.0 = Release|Win32
	EndGlobalSection
	GlobalSection(SolutionProperties) = preSolution
		HideSolutionNode = FALSE
	EndGlobalSection
EndGlobal
