<?xml version="1.0" encoding="utf-8"?>
<Project ToolsVersion="4.0" xmlns="http://schemas.microsoft.com/developer/msbuild/2003">
  <ItemGroup>
    <Filter Include="Source Files">
      <UniqueIdentifier>{4FC737F1-C7A5-4376-A066-2A32D752A2FF}</UniqueIdentifier>
      <Extensions>cpp;cxx;c;def</Extensions>
    </Filter>
    <Filter Include="Header Files">
      <UniqueIdentifier>{93995380-89BD-4b04-88EB-625FBE52EBFB}</UniqueIdentifier>
      <Extensions>h</Extensions>
    </Filter>
    <Filter Include="Form Files">
      <UniqueIdentifier>{99349809-55BA-4b9d-BF79-8FDBB0286EB3}</UniqueIdentifier>
      <Extensions>ui</Extensions>
    </Filter>
    <Filter Include="Resource Files">
      <UniqueIdentifier>{D9D6E242-F8AF-46E4-B9FD-80ECBC20BA3E}</UniqueIdentifier>
      <Extensions>qrc;*</Extensions>
      <ParseFiles>false</ParseFiles>
    </Filter>
    <Filter Include="Generated Files">
      <UniqueIdentifier>{71ED8ED8-ACB9-4CE9-BBE1-E00B30144E11}</UniqueIdentifier>
      <Extensions>moc;h;cpp</Extensions>
      <SourceControlFiles>False</SourceControlFiles>
    </Filter>
    <Filter Include="Generated Files\Debug">
      <UniqueIdentifier>{37f7525d-6919-4b6d-883d-85ac25969a10}</UniqueIdentifier>
      <Extensions>cpp;moc</Extensions>
      <SourceControlFiles>False</SourceControlFiles>
    </Filter>
    <Filter Include="Generated Files\Release">
      <UniqueIdentifier>{d391f61f-c55f-43d1-89df-4bfbe382a2e1}</UniqueIdentifier>
      <Extensions>cpp;moc</Extensions>
      <SourceControlFiles>False</SourceControlFiles>
    </Filter>
  </ItemGroup>
  <ItemGroup>
    <ClCompile Include="main.cpp">
      <Filter>Source Files</Filter>
    </ClCompile>
    <ClCompile Include="vrpmapeditorqt.cpp">
      <Filter>Source Files</Filter>
    </ClCompile>
    <ClCompile Include="GeneratedFiles\Debug\moc_vrpmapeditorqt.cpp">
      <Filter>Generated Files\Debug</Filter>
    </ClCompile>
    <ClCompile Include="GeneratedFiles\Release\moc_vrpmapeditorqt.cpp">
      <Filter>Generated Files\Release</Filter>
    </ClCompile>
    <ClCompile Include="GeneratedFiles\qrc_vrpmapeditorqt.cpp">
      <Filter>Generated Files</Filter>
    </ClCompile>
    <ClCompile Include="GLWidget.cpp">
      <Filter>Source Files</Filter>
    </ClCompile>
    <ClCompile Include="ccentralwidget.cpp">
      <Filter>Source Files</Filter>
    </ClCompile>
    <ClCompile Include="GeneratedFiles\Debug\moc_ccentralwidget.cpp">
      <Filter>Generated Files\Debug</Filter>
    </ClCompile>
    <ClCompile Include="GeneratedFiles\Release\moc_ccentralwidget.cpp">
      <Filter>Generated Files\Release</Filter>
    </ClCompile>
    <ClCompile Include="Classes\Math\Matrix4x4.cpp">
      <Filter>Source Files</Filter>
    </ClCompile>
    <ClCompile Include="Classes\Math\Quaternion.cpp">
      <Filter>Source Files</Filter>
    </ClCompile>
    <ClCompile Include="Classes\Math\Vector3.cpp">
      <Filter>Source Files</Filter>
    </ClCompile>
    <ClCompile Include="Classes\Math\Vector4.cpp">
      <Filter>Source Files</Filter>
    </ClCompile>
    <ClCompile Include="Classes\Utils\math_utils.cpp">
      <Filter>Source Files</Filter>
    </ClCompile>
    <ClCompile Include="Classes\Utils\OTextures.cpp">
      <Filter>Source Files</Filter>
    </ClCompile>
    <ClCompile Include="Classes\Draw2D.cpp">
      <Filter>Source Files</Filter>
    </ClCompile>
    <ClCompile Include="Classes\GLCamera.cpp">
      <Filter>Source Files</Filter>
    </ClCompile>
    <ClCompile Include="Classes\VariousObjects.cpp">
      <Filter>Source Files</Filter>
    </ClCompile>
    <ClCompile Include="Classes\AppBaseState.cpp">
      <Filter>Source Files</Filter>
    </ClCompile>
    <ClCompile Include="Classes\InputBaseState.cpp">
      <Filter>Source Files</Filter>
    </ClCompile>
    <ClCompile Include="Classes\InputMgr.cpp">
      <Filter>Source Files</Filter>
    </ClCompile>
    <ClCompile Include="Classes\AppMapEdit\AppMapEdit.cpp">
      <Filter>Source Files</Filter>
    </ClCompile>
    <ClCompile Include="Classes\AppMapEdit\InputMapEdit.cpp">
      <Filter>Source Files</Filter>
    </ClCompile>
    <ClCompile Include="Classes\AppMapEdit\MapOperations.cpp">
      <Filter>Source Files</Filter>
    </ClCompile>
    <ClCompile Include="Classes\AppMapEdit\MapOperationsGraphics.cpp">
      <Filter>Source Files</Filter>
    </ClCompile>
    <ClCompile Include="Classes\AppMapEdit\MapOperationsIAccess.cpp">
      <Filter>Source Files</Filter>
    </ClCompile>
    <ClCompile Include="Classes\AppMapEdit\MapOperationsInput.cpp">
      <Filter>Source Files</Filter>
    </ClCompile>
    <ClCompile Include="Classes\AppMapEdit\GraphMap\GraphMap.cpp">
      <Filter>Source Files</Filter>
    </ClCompile>
    <ClCompile Include="Classes\AppMapEdit\GraphMap\GraphNode.cpp">
      <Filter>Source Files</Filter>
    </ClCompile>
    <ClCompile Include="Classes\AppMapEdit\GraphMap\GraphRoute.cpp">
      <Filter>Source Files</Filter>
    </ClCompile>
    <ClCompile Include="NodeViewDialog.cpp">
      <Filter>Source Files</Filter>
    </ClCompile>
    <ClCompile Include="Classes\AppMapEdit\GraphAlgorithms\GraphAlgorithm.cpp">
      <Filter>Source Files</Filter>
    </ClCompile>
    <ClCompile Include="Classes\AppMapEdit\RoutesGenerator\ORoutesGenerator.cpp">
      <Filter>Source Files</Filter>
    </ClCompile>
    <ClCompile Include="Classes\AppMapEdit\RoutesGenerator\OVehicleRoute.cpp">
      <Filter>Source Files</Filter>
    </ClCompile>
    <ClCompile Include="GeneratedFiles\Debug\moc_GLWidget.cpp">
      <Filter>Generated Files\Debug</Filter>
    </ClCompile>
    <ClCompile Include="GeneratedFiles\Release\moc_GLWidget.cpp">
      <Filter>Generated Files\Release</Filter>
    </ClCompile>
    <ClCompile Include="Classes\AppMapEdit\OMapEvent.cpp">
      <Filter>Source Files</Filter>
    </ClCompile>
    <ClCompile Include="GeneratedFiles\Debug\moc_MapOperationsInput.cpp">
      <Filter>Generated Files\Debug</Filter>
    </ClCompile>
    <ClCompile Include="GeneratedFiles\Release\moc_MapOperationsInput.cpp">
      <Filter>Generated Files\Release</Filter>
    </ClCompile>
    <ClCompile Include="GeneratedFiles\Debug\moc_MapOperations.cpp">
      <Filter>Generated Files\Debug</Filter>
    </ClCompile>
    <ClCompile Include="GeneratedFiles\Release\moc_MapOperations.cpp">
      <Filter>Generated Files\Release</Filter>
    </ClCompile>
    <ClCompile Include="GeneratedFiles\Debug\moc_MapOperationsIAccess.cpp">
      <Filter>Generated Files\Debug</Filter>
    </ClCompile>
    <ClCompile Include="GeneratedFiles\Release\moc_MapOperationsIAccess.cpp">
      <Filter>Generated Files\Release</Filter>
    </ClCompile>
    <ClCompile Include="GeneratedFiles\Debug\moc_MapOperationsGraphics.cpp">
      <Filter>Generated Files\Debug</Filter>
    </ClCompile>
    <ClCompile Include="GeneratedFiles\Release\moc_MapOperationsGraphics.cpp">
      <Filter>Generated Files\Release</Filter>
    </ClCompile>
    <ClCompile Include="GenerateRoutesUi.cpp">
      <Filter>Source Files</Filter>
    </ClCompile>
    <ClCompile Include="GeneratedFiles\Debug\moc_GenerateRoutesUi.cpp">
      <Filter>Generated Files\Debug</Filter>
    </ClCompile>
    <ClCompile Include="GeneratedFiles\Release\moc_GenerateRoutesUi.cpp">
      <Filter>Generated Files\Release</Filter>
    </ClCompile>
    <ClCompile Include="VehicleCostsWidget.cpp">
      <Filter>Source Files</Filter>
    </ClCompile>
    <ClCompile Include="GeneratedFiles\Debug\moc_VehicleCostsWidget.cpp">
      <Filter>Generated Files\Debug</Filter>
    </ClCompile>
    <ClCompile Include="GeneratedFiles\Release\moc_VehicleCostsWidget.cpp">
      <Filter>Generated Files\Release</Filter>
    </ClCompile>
    <ClCompile Include="GeneratedFiles\Debug\moc_NodeViewDialog.cpp">
      <Filter>Generated Files\Debug</Filter>
    </ClCompile>
    <ClCompile Include="GeneratedFiles\Release\moc_NodeViewDialog.cpp">
      <Filter>Generated Files\Release</Filter>
    </ClCompile>
    <ClCompile Include="UiModels.cpp">
      <Filter>Source Files</Filter>
    </ClCompile>
    <ClCompile Include="GeneratedFiles\Debug\moc_UiModels.cpp">
      <Filter>Generated Files\Debug</Filter>
    </ClCompile>
    <ClCompile Include="GeneratedFiles\Release\moc_UiModels.cpp">
      <Filter>Generated Files\Release</Filter>
    </ClCompile>
  </ItemGroup>
  <ItemGroup>
    <CustomBuild Include="vrpmapeditorqt.h">
      <Filter>Header Files</Filter>
    </CustomBuild>
    <CustomBuild Include="vrpmapeditorqt.ui">
      <Filter>Form Files</Filter>
    </CustomBuild>
    <CustomBuild Include="vrpmapeditorqt.qrc">
      <Filter>Resource Files</Filter>
    </CustomBuild>
    <CustomBuild Include="ccentralwidget.h">
      <Filter>Header Files</Filter>
    </CustomBuild>
    <CustomBuild Include="ccentralwidget.ui">
      <Filter>Form Files</Filter>
    </CustomBuild>
    <CustomBuild Include="nodeviewdialog.ui">
      <Filter>Form Files</Filter>
    </CustomBuild>
    <CustomBuild Include="GLWidget.h">
      <Filter>Header Files</Filter>
    </CustomBuild>
    <CustomBuild Include="Classes\AppMapEdit\MapOperations.h">
      <Filter>Header Files</Filter>
    </CustomBuild>
    <CustomBuild Include="Classes\AppMapEdit\MapOperationsInput.h">
      <Filter>Header Files</Filter>
    </CustomBuild>
    <CustomBuild Include="Classes\AppMapEdit\MapOperationsIAccess.h">
      <Filter>Header Files</Filter>
    </CustomBuild>
    <CustomBuild Include="Classes\AppMapEdit\MapOperationsGraphics.h">
      <Filter>Header Files</Filter>
    </CustomBuild>
    <CustomBuild Include="GenerateRoutesUi.ui">
      <Filter>Form Files</Filter>
    </CustomBuild>
    <CustomBuild Include="GenerateRoutesUi.h">
      <Filter>Header Files</Filter>
    </CustomBuild>
    <CustomBuild Include="FindNodeUi.ui">
      <Filter>Form Files</Filter>
    </CustomBuild>
    <CustomBuild Include="CustomRoutesUi.ui">
      <Filter>Form Files</Filter>
    </CustomBuild>
    <CustomBuild Include="VehicleCostsWidget.ui">
      <Filter>Form Files</Filter>
    </CustomBuild>
    <CustomBuild Include="VehicleCostsWidget.h">
      <Filter>Header Files</Filter>
    </CustomBuild>
    <CustomBuild Include="NodeViewDialog.h">
      <Filter>Header Files</Filter>
    </CustomBuild>
    <CustomBuild Include="UiModels.h">
      <Filter>Header Files</Filter>
    </CustomBuild>
  </ItemGroup>
  <ItemGroup>
    <ClInclude Include="GeneratedFiles\ui_vrpmapeditorqt.h">
      <Filter>Generated Files</Filter>
    </ClInclude>
    <ClInclude Include="GeneratedFiles\ui_ccentralwidget.h">
      <Filter>Generated Files</Filter>
    </ClInclude>
    <ClInclude Include="Classes\Math\Matrix4x4.h">
      <Filter>Header Files</Filter>
    </ClInclude>
    <ClInclude Include="Classes\Math\Quaternion.h">
      <Filter>Header Files</Filter>
    </ClInclude>
    <ClInclude Include="Classes\Math\Vector3.h">
      <Filter>Header Files</Filter>
    </ClInclude>
    <ClInclude Include="Classes\Math\Vector4.h">
      <Filter>Header Files</Filter>
    </ClInclude>
    <ClInclude Include="Classes\Utils\math_utils.h">
      <Filter>Header Files</Filter>
    </ClInclude>
    <ClInclude Include="Classes\Utils\OTextures.h">
      <Filter>Header Files</Filter>
    </ClInclude>
    <ClInclude Include="Classes\Draw2D.h">
      <Filter>Header Files</Filter>
    </ClInclude>
    <ClInclude Include="Classes\GLCamera.h">
      <Filter>Header Files</Filter>
    </ClInclude>
    <ClInclude Include="Classes\VariousObjects.h">
      <Filter>Header Files</Filter>
    </ClInclude>
    <ClInclude Include="Classes\AppBaseState.h">
      <Filter>Header Files</Filter>
    </ClInclude>
    <ClInclude Include="Classes\InputBaseState.h">
      <Filter>Header Files</Filter>
    </ClInclude>
    <ClInclude Include="Classes\InputMgr.h">
      <Filter>Header Files</Filter>
    </ClInclude>
    <ClInclude Include="Classes\AppMapEdit\AppMapEdit.h">
      <Filter>Header Files</Filter>
    </ClInclude>
    <ClInclude Include="Classes\AppMapEdit\InputMapEdit.h">
      <Filter>Header Files</Filter>
    </ClInclude>
    <ClInclude Include="Classes\AppMapEdit\GraphMap\GraphMap.h">
      <Filter>Header Files</Filter>
    </ClInclude>
    <ClInclude Include="Classes\AppMapEdit\GraphMap\GraphNode.h">
      <Filter>Header Files</Filter>
    </ClInclude>
    <ClInclude Include="Classes\AppMapEdit\GraphMap\GraphRoute.h">
      <Filter>Header Files</Filter>
    </ClInclude>
    <ClInclude Include="GeneratedFiles\ui_nodeviewdialog.h">
      <Filter>Generated Files</Filter>
    </ClInclude>
    <ClInclude Include="Classes\AppMapEdit\GraphAlgorithms\GraphAlgorithm.h">
      <Filter>Header Files</Filter>
    </ClInclude>
    <ClInclude Include="Classes\AppMapEdit\RoutesGenerator\ORoutesGenerator.h">
      <Filter>Header Files</Filter>
    </ClInclude>
    <ClInclude Include="Classes\AppMapEdit\RoutesGenerator\OVehicleRoute.h">
      <Filter>Header Files</Filter>
    </ClInclude>
    <ClInclude Include="Classes\AppMapEdit\OMapEvent.h">
      <Filter>Header Files</Filter>
    </ClInclude>
    <ClInclude Include="GeneratedFiles\ui_GenerateRoutesUi.h">
      <Filter>Generated Files</Filter>
    </ClInclude>
    <ClInclude Include="GeneratedFiles\ui_FindNodeUi.h">
      <Filter>Generated Files</Filter>
    </ClInclude>
    <ClInclude Include="GeneratedFiles\ui_CustomRoutesUi.h">
      <Filter>Generated Files</Filter>
    </ClInclude>
    <ClInclude Include="GeneratedFiles\ui_VehicleCostsWidget.h">
      <Filter>Generated Files</Filter>
    </ClInclude>
  </ItemGroup>
  <ItemGroup>
    <ResourceCompile Include="VRPMapEditorQt.rc" />
  </ItemGroup>
  <ItemGroup>
    <None Include="ClassDiagram1.cd" />
  </ItemGroup>
</Project>